
Microsoft Visual Studio Solution File, Format Version 12.00
# Visual Studio Version 17
VisualStudioVersion = 17.4.33213.308
MinimumVisualStudioVersion = 10.0.40219.1
Project("{FAE04EC0-301F-11D3-BF4B-00C04F79EFBC}") = "perezryzka", "perezryzka.csproj", "{02BD0AE9-56AE-4D1F-B4AB-4139D60178D9}"
EndProject
Global
	GlobalSection(SolutionConfigurationPlatforms) = preSolution
		Debug|Any CPU = Debug|Any CPU
		Release|Any CPU = Release|Any CPU
	EndGlobalSection
	GlobalSection(ProjectConfigurationPlatforms) = postSolution
		{02BD0AE9-56AE-4D1F-B4AB-4139D60178D9}.Debug|Any CPU.ActiveCfg = Debug|Any CPU
		{02BD0AE9-56AE-4D1F-B4AB-4139D60178D9}.Debug|Any CPU.Build.0 = Debug|Any CPU
		{02BD0AE9-56AE-4D1F-B4AB-4139D60178D9}.Release|Any CPU.ActiveCfg = Release|Any CPU
		{02BD0AE9-56AE-4D1F-B4AB-4139D60178D9}.Release|Any CPU.Build.0 = Release|Any CPU
	EndGlobalSection
	GlobalSection(SolutionProperties) = preSolution
		HideSolutionNode = FALSE
	EndGlobalSection
	GlobalSection(ExtensibilityGlobals) = postSolution
		SolutionGuid = {D98F86B2-AB56-4105-AEAF-A75D9BBF3A7F}
	EndGlobalSection
EndGlobal
