
Microsoft Visual Studio Solution File, Format Version 12.00
# Visual Studio Version 17
VisualStudioVersion = 17.4.33213.308
MinimumVisualStudioVersion = 10.0.40219.1
Project("{FAE04EC0-301F-11D3-BF4B-00C04F79EFBC}") = "30.03", "30.03.csproj", "{58ED4F54-DF97-492C-93BB-CD17CC1E7CA5}"
EndProject
Global
	GlobalSection(SolutionConfigurationPlatforms) = preSolution
		Debug|Any CPU = Debug|Any CPU
		Release|Any CPU = Release|Any CPU
	EndGlobalSection
	GlobalSection(ProjectConfigurationPlatforms) = postSolution
		{58ED4F54-DF97-492C-93BB-CD17CC1E7CA5}.Debug|Any CPU.ActiveCfg = Debug|Any CPU
		{58ED4F54-DF97-492C-93BB-CD17CC1E7CA5}.Debug|Any CPU.Build.0 = Debug|Any CPU
		{58ED4F54-DF97-492C-93BB-CD17CC1E7CA5}.Release|Any CPU.ActiveCfg = Release|Any CPU
		{58ED4F54-DF97-492C-93BB-CD17CC1E7CA5}.Release|Any CPU.Build.0 = Release|Any CPU
	EndGlobalSection
	GlobalSection(SolutionProperties) = preSolution
		HideSolutionNode = FALSE
	EndGlobalSection
	GlobalSection(ExtensibilityGlobals) = postSolution
		SolutionGuid = {C605BDA9-D424-48D0-9678-3F85FCF26847}
	EndGlobalSection
EndGlobal
