
Microsoft Visual Studio Solution File, Format Version 12.00
# Visual Studio Version 17
VisualStudioVersion = 17.4.33213.308
MinimumVisualStudioVersion = 10.0.40219.1
Project("{FAE04EC0-301F-11D3-BF4B-00C04F79EFBC}") = "pz_21", "pz_21.csproj", "{C051FFF1-C55F-499D-8770-826D3753D970}"
EndProject
Global
	GlobalSection(SolutionConfigurationPlatforms) = preSolution
		Debug|Any CPU = Debug|Any CPU
		Release|Any CPU = Release|Any CPU
	EndGlobalSection
	GlobalSection(ProjectConfigurationPlatforms) = postSolution
		{C051FFF1-C55F-499D-8770-826D3753D970}.Debug|Any CPU.ActiveCfg = Debug|Any CPU
		{C051FFF1-C55F-499D-8770-826D3753D970}.Debug|Any CPU.Build.0 = Debug|Any CPU
		{C051FFF1-C55F-499D-8770-826D3753D970}.Release|Any CPU.ActiveCfg = Release|Any CPU
		{C051FFF1-C55F-499D-8770-826D3753D970}.Release|Any CPU.Build.0 = Release|Any CPU
	EndGlobalSection
	GlobalSection(SolutionProperties) = preSolution
		HideSolutionNode = FALSE
	EndGlobalSection
	GlobalSection(ExtensibilityGlobals) = postSolution
		SolutionGuid = {2D1D8B10-26A8-45EB-9CA1-0C9F7C6FE8BB}
	EndGlobalSection
EndGlobal
