
Microsoft Visual Studio Solution File, Format Version 12.00
# Visual Studio Version 17
VisualStudioVersion = 17.4.33122.133
MinimumVisualStudioVersion = 10.0.40219.1
Project("{FAE04EC0-301F-11D3-BF4B-00C04F79EFBC}") = "ConsoleApp1", "ConsoleApp1.csproj", "{647AAAE0-A197-4D87-81AD-494DF4110026}"
EndProject
Global
	GlobalSection(SolutionConfigurationPlatforms) = preSolution
		Debug|Any CPU = Debug|Any CPU
		Release|Any CPU = Release|Any CPU
	EndGlobalSection
	GlobalSection(ProjectConfigurationPlatforms) = postSolution
		{647AAAE0-A197-4D87-81AD-494DF4110026}.Debug|Any CPU.ActiveCfg = Debug|Any CPU
		{647AAAE0-A197-4D87-81AD-494DF4110026}.Debug|Any CPU.Build.0 = Debug|Any CPU
		{647AAAE0-A197-4D87-81AD-494DF4110026}.Release|Any CPU.ActiveCfg = Release|Any CPU
		{647AAAE0-A197-4D87-81AD-494DF4110026}.Release|Any CPU.Build.0 = Release|Any CPU
	EndGlobalSection
	GlobalSection(SolutionProperties) = preSolution
		HideSolutionNode = FALSE
	EndGlobalSection
	GlobalSection(ExtensibilityGlobals) = postSolution
		SolutionGuid = {44AD4E0A-D584-4086-86F7-CB7BA312A85A}
	EndGlobalSection
EndGlobal
