
Microsoft Visual Studio Solution File, Format Version 12.00
# Visual Studio Version 17
VisualStudioVersion = 17.3.32819.101
MinimumVisualStudioVersion = 10.0.40219.1
Project("{FAE04EC0-301F-11D3-BF4B-00C04F79EFBC}") = "pz_18", "pz_18.csproj", "{5FECF814-A778-4DED-AC8E-049E1969C11E}"
EndProject
Global
	GlobalSection(SolutionConfigurationPlatforms) = preSolution
		Debug|Any CPU = Debug|Any CPU
		Release|Any CPU = Release|Any CPU
	EndGlobalSection
	GlobalSection(ProjectConfigurationPlatforms) = postSolution
		{5FECF814-A778-4DED-AC8E-049E1969C11E}.Debug|Any CPU.ActiveCfg = Debug|Any CPU
		{5FECF814-A778-4DED-AC8E-049E1969C11E}.Debug|Any CPU.Build.0 = Debug|Any CPU
		{5FECF814-A778-4DED-AC8E-049E1969C11E}.Release|Any CPU.ActiveCfg = Release|Any CPU
		{5FECF814-A778-4DED-AC8E-049E1969C11E}.Release|Any CPU.Build.0 = Release|Any CPU
	EndGlobalSection
	GlobalSection(SolutionProperties) = preSolution
		HideSolutionNode = FALSE
	EndGlobalSection
	GlobalSection(ExtensibilityGlobals) = postSolution
		SolutionGuid = {D7C7F739-A3CC-442C-A83C-E4FCD1413014}
	EndGlobalSection
EndGlobal
