
Microsoft Visual Studio Solution File, Format Version 12.00
# Visual Studio Version 17
VisualStudioVersion = 17.4.33122.133
MinimumVisualStudioVersion = 10.0.40219.1
Project("{FAE04EC0-301F-11D3-BF4B-00C04F79EFBC}") = "PROVERKA", "PROVERKA.csproj", "{02C1FF92-C80E-421F-A3E2-DA730B15EF0D}"
EndProject
Global
	GlobalSection(SolutionConfigurationPlatforms) = preSolution
		Debug|Any CPU = Debug|Any CPU
		Release|Any CPU = Release|Any CPU
	EndGlobalSection
	GlobalSection(ProjectConfigurationPlatforms) = postSolution
		{02C1FF92-C80E-421F-A3E2-DA730B15EF0D}.Debug|Any CPU.ActiveCfg = Debug|Any CPU
		{02C1FF92-C80E-421F-A3E2-DA730B15EF0D}.Debug|Any CPU.Build.0 = Debug|Any CPU
		{02C1FF92-C80E-421F-A3E2-DA730B15EF0D}.Release|Any CPU.ActiveCfg = Release|Any CPU
		{02C1FF92-C80E-421F-A3E2-DA730B15EF0D}.Release|Any CPU.Build.0 = Release|Any CPU
	EndGlobalSection
	GlobalSection(SolutionProperties) = preSolution
		HideSolutionNode = FALSE
	EndGlobalSection
	GlobalSection(ExtensibilityGlobals) = postSolution
		SolutionGuid = {0FA7F321-F786-483C-AA49-B375FA830601}
	EndGlobalSection
EndGlobal
